// !$*UTF8*$!
{
	archiveVersion = 1;
	classes = {
	};
	objectVersion = 50;
	objects = {

/* Begin PBXBuildFile section */
		AF4556CA251BD6EB00F43A14 /* UserSettingsViewModel.swift in Sources */ = {isa = PBXBuildFile; fileRef = AF4556C9251BD6EB00F43A14 /* UserSettingsViewModel.swift */; };
		AF4556CE251BD77600F43A14 /* SettingsView.swift in Sources */ = {isa = PBXBuildFile; fileRef = AF4556CD251BD77600F43A14 /* SettingsView.swift */; };
		AF4556D3251BD97400F43A14 /* FancyScoreView.swift in Sources */ = {isa = PBXBuildFile; fileRef = AF4556D2251BD97400F43A14 /* FancyScoreView.swift */; };
		AF797EC1251ACB24005C9EDB /* HikingApp.swift in Sources */ = {isa = PBXBuildFile; fileRef = AF797EC0251ACB24005C9EDB /* HikingApp.swift */; };
		AF797EC3251ACB24005C9EDB /* ContentView.swift in Sources */ = {isa = PBXBuildFile; fileRef = AF797EC2251ACB24005C9EDB /* ContentView.swift */; };
		AF797EC5251ACB29005C9EDB /* Assets.xcassets in Resources */ = {isa = PBXBuildFile; fileRef = AF797EC4251ACB29005C9EDB /* Assets.xcassets */; };
		AF797EC8251ACB29005C9EDB /* Preview Assets.xcassets in Resources */ = {isa = PBXBuildFile; fileRef = AF797EC7251ACB29005C9EDB /* Preview Assets.xcassets */; };
		AF797ED2251AE46C005C9EDB /* Hike.swift in Sources */ = {isa = PBXBuildFile; fileRef = AF797ED1251AE46C005C9EDB /* Hike.swift */; };
		AF797EDA251AE6D4005C9EDB /* HikeCell.swift in Sources */ = {isa = PBXBuildFile; fileRef = AF797ED9251AE6D4005C9EDB /* HikeCell.swift */; };
		AF797EDD251AE8FF005C9EDB /* HikeDetailView.swift in Sources */ = {isa = PBXBuildFile; fileRef = AF797EDC251AE8FF005C9EDB /* HikeDetailView.swift */; };
		AF797EE2251AECE2005C9EDB /* MainView.swift in Sources */ = {isa = PBXBuildFile; fileRef = AF797EE1251AECE2005C9EDB /* MainView.swift */; };
		AF797EE5251AED47005C9EDB /* AnimalsView.swift in Sources */ = {isa = PBXBuildFile; fileRef = AF797EE4251AED47005C9EDB /* AnimalsView.swift */; };
		AF797EEB251AEF4E005C9EDB /* Array+Extensions.swift in Sources */ = {isa = PBXBuildFile; fileRef = AF797EEA251AEF4E005C9EDB /* Array+Extensions.swift */; };
		AF797EF0251AF361005C9EDB /* URLImage.swift in Sources */ = {isa = PBXBuildFile; fileRef = AF797EEF251AF361005C9EDB /* URLImage.swift */; };
		AF797EF4251AF38F005C9EDB /* ImageLoader.swift in Sources */ = {isa = PBXBuildFile; fileRef = AF797EF3251AF38F005C9EDB /* ImageLoader.swift */; };
		AF797EFA251AF617005C9EDB /* Dish.swift in Sources */ = {isa = PBXBuildFile; fileRef = AF797EF9251AF617005C9EDB /* Dish.swift */; };
		AF797EFD251AF667005C9EDB /* DishsView.swift in Sources */ = {isa = PBXBuildFile; fileRef = AF797EFC251AF667005C9EDB /* DishsView.swift */; };
		AF797F06251B610D005C9EDB /* FilterView.swift in Sources */ = {isa = PBXBuildFile; fileRef = AF797F05251B610D005C9EDB /* FilterView.swift */; };
		AF797F0D251B8AEE005C9EDB /* BindingView.swift in Sources */ = {isa = PBXBuildFile; fileRef = AF797F0C251B8AEE005C9EDB /* BindingView.swift */; };
		AF797F13251BC8E8005C9EDB /* Episode.swift in Sources */ = {isa = PBXBuildFile; fileRef = AF797F12251BC8E8005C9EDB /* Episode.swift */; };
		AF797F16251BD1E9005C9EDB /* PodcastView.swift in Sources */ = {isa = PBXBuildFile; fileRef = AF797F15251BD1E9005C9EDB /* PodcastView.swift */; };
		AF797F1A251BD380005C9EDB /* FancyTimerView.swift in Sources */ = {isa = PBXBuildFile; fileRef = AF797F19251BD380005C9EDB /* FancyTimerView.swift */; };
		AF797F1E251BD3CB005C9EDB /* FancyTimerViewModel.swift in Sources */ = {isa = PBXBuildFile; fileRef = AF797F1D251BD3CB005C9EDB /* FancyTimerViewModel.swift */; };
/* End PBXBuildFile section */

/* Begin PBXFileReference section */
		AF4556C9251BD6EB00F43A14 /* UserSettingsViewModel.swift */ = {isa = PBXFileReference; lastKnownFileType = sourcecode.swift; path = UserSettingsViewModel.swift; sourceTree = "<group>"; };
		AF4556CD251BD77600F43A14 /* SettingsView.swift */ = {isa = PBXFileReference; lastKnownFileType = sourcecode.swift; path = SettingsView.swift; sourceTree = "<group>"; };
		AF4556D2251BD97400F43A14 /* FancyScoreView.swift */ = {isa = PBXFileReference; lastKnownFileType = sourcecode.swift; path = FancyScoreView.swift; sourceTree = "<group>"; };
		AF797EBD251ACB24005C9EDB /* Hiking.app */ = {isa = PBXFileReference; explicitFileType = wrapper.application; includeInIndex = 0; path = Hiking.app; sourceTree = BUILT_PRODUCTS_DIR; };
		AF797EC0251ACB24005C9EDB /* HikingApp.swift */ = {isa = PBXFileReference; lastKnownFileType = sourcecode.swift; path = HikingApp.swift; sourceTree = "<group>"; };
		AF797EC2251ACB24005C9EDB /* ContentView.swift */ = {isa = PBXFileReference; lastKnownFileType = sourcecode.swift; path = ContentView.swift; sourceTree = "<group>"; };
		AF797EC4251ACB29005C9EDB /* Assets.xcassets */ = {isa = PBXFileReference; lastKnownFileType = folder.assetcatalog; path = Assets.xcassets; sourceTree = "<group>"; };
		AF797EC7251ACB29005C9EDB /* Preview Assets.xcassets */ = {isa = PBXFileReference; lastKnownFileType = folder.assetcatalog; path = "Preview Assets.xcassets"; sourceTree = "<group>"; };
		AF797EC9251ACB29005C9EDB /* Info.plist */ = {isa = PBXFileReference; lastKnownFileType = text.plist.xml; path = Info.plist; sourceTree = "<group>"; };
		AF797ED1251AE46C005C9EDB /* Hike.swift */ = {isa = PBXFileReference; lastKnownFileType = sourcecode.swift; path = Hike.swift; sourceTree = "<group>"; };
		AF797ED9251AE6D4005C9EDB /* HikeCell.swift */ = {isa = PBXFileReference; lastKnownFileType = sourcecode.swift; path = HikeCell.swift; sourceTree = "<group>"; };
		AF797EDC251AE8FF005C9EDB /* HikeDetailView.swift */ = {isa = PBXFileReference; lastKnownFileType = sourcecode.swift; path = HikeDetailView.swift; sourceTree = "<group>"; };
		AF797EE1251AECE2005C9EDB /* MainView.swift */ = {isa = PBXFileReference; lastKnownFileType = sourcecode.swift; path = MainView.swift; sourceTree = "<group>"; };
		AF797EE4251AED47005C9EDB /* AnimalsView.swift */ = {isa = PBXFileReference; lastKnownFileType = sourcecode.swift; path = AnimalsView.swift; sourceTree = "<group>"; };
		AF797EEA251AEF4E005C9EDB /* Array+Extensions.swift */ = {isa = PBXFileReference; lastKnownFileType = sourcecode.swift; path = "Array+Extensions.swift"; sourceTree = "<group>"; };
		AF797EEF251AF361005C9EDB /* URLImage.swift */ = {isa = PBXFileReference; fileEncoding = 4; lastKnownFileType = sourcecode.swift; path = URLImage.swift; sourceTree = "<group>"; };
		AF797EF3251AF38F005C9EDB /* ImageLoader.swift */ = {isa = PBXFileReference; fileEncoding = 4; lastKnownFileType = sourcecode.swift; path = ImageLoader.swift; sourceTree = "<group>"; };
		AF797EF9251AF617005C9EDB /* Dish.swift */ = {isa = PBXFileReference; fileEncoding = 4; lastKnownFileType = sourcecode.swift; path = Dish.swift; sourceTree = "<group>"; };
		AF797EFC251AF667005C9EDB /* DishsView.swift */ = {isa = PBXFileReference; lastKnownFileType = sourcecode.swift; path = DishsView.swift; sourceTree = "<group>"; };
		AF797F05251B610D005C9EDB /* FilterView.swift */ = {isa = PBXFileReference; lastKnownFileType = sourcecode.swift; path = FilterView.swift; sourceTree = "<group>"; };
		AF797F0C251B8AEE005C9EDB /* BindingView.swift */ = {isa = PBXFileReference; lastKnownFileType = sourcecode.swift; path = BindingView.swift; sourceTree = "<group>"; };
		AF797F12251BC8E8005C9EDB /* Episode.swift */ = {isa = PBXFileReference; lastKnownFileType = sourcecode.swift; path = Episode.swift; sourceTree = "<group>"; };
		AF797F15251BD1E9005C9EDB /* PodcastView.swift */ = {isa = PBXFileReference; lastKnownFileType = sourcecode.swift; path = PodcastView.swift; sourceTree = "<group>"; };
		AF797F19251BD380005C9EDB /* FancyTimerView.swift */ = {isa = PBXFileReference; lastKnownFileType = sourcecode.swift; path = FancyTimerView.swift; sourceTree = "<group>"; };
		AF797F1D251BD3CB005C9EDB /* FancyTimerViewModel.swift */ = {isa = PBXFileReference; lastKnownFileType = sourcecode.swift; path = FancyTimerViewModel.swift; sourceTree = "<group>"; };
/* End PBXFileReference section */

/* Begin PBXFrameworksBuildPhase section */
		AF797EBA251ACB24005C9EDB /* Frameworks */ = {
			isa = PBXFrameworksBuildPhase;
			buildActionMask = 2147483647;
			files = (
			);
			runOnlyForDeploymentPostprocessing = 0;
		};
/* End PBXFrameworksBuildPhase section */

/* Begin PBXGroup section */
		AF797EB4251ACB24005C9EDB = {
			isa = PBXGroup;
			children = (
				AF797EBF251ACB24005C9EDB /* Hiking */,
				AF797EBE251ACB24005C9EDB /* Products */,
			);
			sourceTree = "<group>";
		};
		AF797EBE251ACB24005C9EDB /* Products */ = {
			isa = PBXGroup;
			children = (
				AF797EBD251ACB24005C9EDB /* Hiking.app */,
			);
			name = Products;
			sourceTree = "<group>";
		};
		AF797EBF251ACB24005C9EDB /* Hiking */ = {
			isa = PBXGroup;
			children = (
				AF797EF2251AF37E005C9EDB /* Services */,
				AF797EEE251AF349005C9EDB /* Views */,
				AF797EE9251AEF3F005C9EDB /* Extensions */,
				AF797ED0251AE45A005C9EDB /* Models */,
				AF797F20251BD3E0005C9EDB /* ViewModel */,
				AF797EC0251ACB24005C9EDB /* HikingApp.swift */,
				AF797EE1251AECE2005C9EDB /* MainView.swift */,
				AF797EC2251ACB24005C9EDB /* ContentView.swift */,
				AF797EE4251AED47005C9EDB /* AnimalsView.swift */,
				AF797EFC251AF667005C9EDB /* DishsView.swift */,
				AF797EDC251AE8FF005C9EDB /* HikeDetailView.swift */,
				AF797ED9251AE6D4005C9EDB /* HikeCell.swift */,
				AF797F05251B610D005C9EDB /* FilterView.swift */,
				AF797F0C251B8AEE005C9EDB /* BindingView.swift */,
				AF797F15251BD1E9005C9EDB /* PodcastView.swift */,
				AF797F19251BD380005C9EDB /* FancyTimerView.swift */,
				AF4556CD251BD77600F43A14 /* SettingsView.swift */,
				AF4556D2251BD97400F43A14 /* FancyScoreView.swift */,
				AF797EC4251ACB29005C9EDB /* Assets.xcassets */,
				AF797EC9251ACB29005C9EDB /* Info.plist */,
				AF797EC6251ACB29005C9EDB /* Preview Content */,
			);
			path = Hiking;
			sourceTree = "<group>";
		};
		AF797EC6251ACB29005C9EDB /* Preview Content */ = {
			isa = PBXGroup;
			children = (
				AF797EC7251ACB29005C9EDB /* Preview Assets.xcassets */,
			);
			path = "Preview Content";
			sourceTree = "<group>";
		};
		AF797ED0251AE45A005C9EDB /* Models */ = {
			isa = PBXGroup;
			children = (
				AF797EF9251AF617005C9EDB /* Dish.swift */,
				AF797ED1251AE46C005C9EDB /* Hike.swift */,
				AF797F12251BC8E8005C9EDB /* Episode.swift */,
			);
			path = Models;
			sourceTree = "<group>";
		};
		AF797EE9251AEF3F005C9EDB /* Extensions */ = {
			isa = PBXGroup;
			children = (
				AF797EEA251AEF4E005C9EDB /* Array+Extensions.swift */,
			);
			path = Extensions;
			sourceTree = "<group>";
		};
		AF797EEE251AF349005C9EDB /* Views */ = {
			isa = PBXGroup;
			children = (
				AF797EEF251AF361005C9EDB /* URLImage.swift */,
			);
			path = Views;
			sourceTree = "<group>";
		};
		AF797EF2251AF37E005C9EDB /* Services */ = {
			isa = PBXGroup;
			children = (
				AF797EF3251AF38F005C9EDB /* ImageLoader.swift */,
			);
			path = Services;
			sourceTree = "<group>";
		};
		AF797F20251BD3E0005C9EDB /* ViewModel */ = {
			isa = PBXGroup;
			children = (
				AF797F1D251BD3CB005C9EDB /* FancyTimerViewModel.swift */,
				AF4556C9251BD6EB00F43A14 /* UserSettingsViewModel.swift */,
			);
			path = ViewModel;
			sourceTree = "<group>";
		};
/* End PBXGroup section */

/* Begin PBXNativeTarget section */
		AF797EBC251ACB24005C9EDB /* Hiking */ = {
			isa = PBXNativeTarget;
			buildConfigurationList = AF797ECC251ACB29005C9EDB /* Build configuration list for PBXNativeTarget "Hiking" */;
			buildPhases = (
				AF797EB9251ACB24005C9EDB /* Sources */,
				AF797EBA251ACB24005C9EDB /* Frameworks */,
				AF797EBB251ACB24005C9EDB /* Resources */,
			);
			buildRules = (
			);
			dependencies = (
			);
			name = Hiking;
			productName = Hiking;
			productReference = AF797EBD251ACB24005C9EDB /* Hiking.app */;
			productType = "com.apple.product-type.application";
		};
/* End PBXNativeTarget section */

/* Begin PBXProject section */
		AF797EB5251ACB24005C9EDB /* Project object */ = {
			isa = PBXProject;
			attributes = {
				LastSwiftUpdateCheck = 1200;
				LastUpgradeCheck = 1200;
				TargetAttributes = {
					AF797EBC251ACB24005C9EDB = {
						CreatedOnToolsVersion = 12.0;
					};
				};
			};
			buildConfigurationList = AF797EB8251ACB24005C9EDB /* Build configuration list for PBXProject "Hiking" */;
			compatibilityVersion = "Xcode 9.3";
			developmentRegion = en;
			hasScannedForEncodings = 0;
			knownRegions = (
				en,
				Base,
			);
			mainGroup = AF797EB4251ACB24005C9EDB;
			productRefGroup = AF797EBE251ACB24005C9EDB /* Products */;
			projectDirPath = "";
			projectRoot = "";
			targets = (
				AF797EBC251ACB24005C9EDB /* Hiking */,
			);
		};
/* End PBXProject section */

/* Begin PBXResourcesBuildPhase section */
		AF797EBB251ACB24005C9EDB /* Resources */ = {
			isa = PBXResourcesBuildPhase;
			buildActionMask = 2147483647;
			files = (
				AF797EC8251ACB29005C9EDB /* Preview Assets.xcassets in Resources */,
				AF797EC5251ACB29005C9EDB /* Assets.xcassets in Resources */,
			);
			runOnlyForDeploymentPostprocessing = 0;
		};
/* End PBXResourcesBuildPhase section */

/* Begin PBXSourcesBuildPhase section */
		AF797EB9251ACB24005C9EDB /* Sources */ = {
			isa = PBXSourcesBuildPhase;
			buildActionMask = 2147483647;
			files = (
				AF797F06251B610D005C9EDB /* FilterView.swift in Sources */,
				AF797ED2251AE46C005C9EDB /* Hike.swift in Sources */,
				AF797F1A251BD380005C9EDB /* FancyTimerView.swift in Sources */,
				AF797F0D251B8AEE005C9EDB /* BindingView.swift in Sources */,
				AF797EF0251AF361005C9EDB /* URLImage.swift in Sources */,
				AF4556CE251BD77600F43A14 /* SettingsView.swift in Sources */,
				AF4556D3251BD97400F43A14 /* FancyScoreView.swift in Sources */,
				AF797EFA251AF617005C9EDB /* Dish.swift in Sources */,
				AF797EF4251AF38F005C9EDB /* ImageLoader.swift in Sources */,
				AF797F16251BD1E9005C9EDB /* PodcastView.swift in Sources */,
				AF797EE2251AECE2005C9EDB /* MainView.swift in Sources */,
				AF797EC3251ACB24005C9EDB /* ContentView.swift in Sources */,
				AF797EEB251AEF4E005C9EDB /* Array+Extensions.swift in Sources */,
				AF797F1E251BD3CB005C9EDB /* FancyTimerViewModel.swift in Sources */,
				AF797EDD251AE8FF005C9EDB /* HikeDetailView.swift in Sources */,
				AF797EFD251AF667005C9EDB /* DishsView.swift in Sources */,
				AF4556CA251BD6EB00F43A14 /* UserSettingsViewModel.swift in Sources */,
				AF797EDA251AE6D4005C9EDB /* HikeCell.swift in Sources */,
				AF797EE5251AED47005C9EDB /* AnimalsView.swift in Sources */,
				AF797F13251BC8E8005C9EDB /* Episode.swift in Sources */,
				AF797EC1251ACB24005C9EDB /* HikingApp.swift in Sources */,
			);
			runOnlyForDeploymentPostprocessing = 0;
		};
/* End PBXSourcesBuildPhase section */

/* Begin XCBuildConfiguration section */
		AF797ECA251ACB29005C9EDB /* Debug */ = {
			isa = XCBuildConfiguration;
			buildSettings = {
				ALWAYS_SEARCH_USER_PATHS = NO;
				CLANG_ANALYZER_NONNULL = YES;
				CLANG_ANALYZER_NUMBER_OBJECT_CONVERSION = YES_AGGRESSIVE;
				CLANG_CXX_LANGUAGE_STANDARD = "gnu++14";
				CLANG_CXX_LIBRARY = "libc++";
				CLANG_ENABLE_MODULES = YES;
				CLANG_ENABLE_OBJC_ARC = YES;
				CLANG_ENABLE_OBJC_WEAK = YES;
				CLANG_WARN_BLOCK_CAPTURE_AUTORELEASING = YES;
				CLANG_WARN_BOOL_CONVERSION = YES;
				CLANG_WARN_COMMA = YES;
				CLANG_WARN_CONSTANT_CONVERSION = YES;
				CLANG_WARN_DEPRECATED_OBJC_IMPLEMENTATIONS = YES;
				CLANG_WARN_DIRECT_OBJC_ISA_USAGE = YES_ERROR;
				CLANG_WARN_DOCUMENTATION_COMMENTS = YES;
				CLANG_WARN_EMPTY_BODY = YES;
				CLANG_WARN_ENUM_CONVERSION = YES;
				CLANG_WARN_INFINITE_RECURSION = YES;
				CLANG_WARN_INT_CONVERSION = YES;
				CLANG_WARN_NON_LITERAL_NULL_CONVERSION = YES;
				CLANG_WARN_OBJC_IMPLICIT_RETAIN_SELF = YES;
				CLANG_WARN_OBJC_LITERAL_CONVERSION = YES;
				CLANG_WARN_OBJC_ROOT_CLASS = YES_ERROR;
				CLANG_WARN_QUOTED_INCLUDE_IN_FRAMEWORK_HEADER = YES;
				CLANG_WARN_RANGE_LOOP_ANALYSIS = YES;
				CLANG_WARN_STRICT_PROTOTYPES = YES;
				CLANG_WARN_SUSPICIOUS_MOVE = YES;
				CLANG_WARN_UNGUARDED_AVAILABILITY = YES_AGGRESSIVE;
				CLANG_WARN_UNREACHABLE_CODE = YES;
				CLANG_WARN__DUPLICATE_METHOD_MATCH = YES;
				COPY_PHASE_STRIP = NO;
				DEBUG_INFORMATION_FORMAT = dwarf;
				ENABLE_STRICT_OBJC_MSGSEND = YES;
				ENABLE_TESTABILITY = YES;
				GCC_C_LANGUAGE_STANDARD = gnu11;
				GCC_DYNAMIC_NO_PIC = NO;
				GCC_NO_COMMON_BLOCKS = YES;
				GCC_OPTIMIZATION_LEVEL = 0;
				GCC_PREPROCESSOR_DEFINITIONS = (
					"DEBUG=1",
					"$(inherited)",
				);
				GCC_WARN_64_TO_32_BIT_CONVERSION = YES;
				GCC_WARN_ABOUT_RETURN_TYPE = YES_ERROR;
				GCC_WARN_UNDECLARED_SELECTOR = YES;
				GCC_WARN_UNINITIALIZED_AUTOS = YES_AGGRESSIVE;
				GCC_WARN_UNUSED_FUNCTION = YES;
				GCC_WARN_UNUSED_VARIABLE = YES;
				IPHONEOS_DEPLOYMENT_TARGET = 14.0;
				MTL_ENABLE_DEBUG_INFO = INCLUDE_SOURCE;
				MTL_FAST_MATH = YES;
				ONLY_ACTIVE_ARCH = YES;
				SDKROOT = iphoneos;
				SWIFT_ACTIVE_COMPILATION_CONDITIONS = DEBUG;
				SWIFT_OPTIMIZATION_LEVEL = "-Onone";
			};
			name = Debug;
		};
		AF797ECB251ACB29005C9EDB /* Release */ = {
			isa = XCBuildConfiguration;
			buildSettings = {
				ALWAYS_SEARCH_USER_PATHS = NO;
				CLANG_ANALYZER_NONNULL = YES;
				CLANG_ANALYZER_NUMBER_OBJECT_CONVERSION = YES_AGGRESSIVE;
				CLANG_CXX_LANGUAGE_STANDARD = "gnu++14";
				CLANG_CXX_LIBRARY = "libc++";
				CLANG_ENABLE_MODULES = YES;
				CLANG_ENABLE_OBJC_ARC = YES;
				CLANG_ENABLE_OBJC_WEAK = YES;
				CLANG_WARN_BLOCK_CAPTURE_AUTORELEASING = YES;
				CLANG_WARN_BOOL_CONVERSION = YES;
				CLANG_WARN_COMMA = YES;
				CLANG_WARN_CONSTANT_CONVERSION = YES;
				CLANG_WARN_DEPRECATED_OBJC_IMPLEMENTATIONS = YES;
				CLANG_WARN_DIRECT_OBJC_ISA_USAGE = YES_ERROR;
				CLANG_WARN_DOCUMENTATION_COMMENTS = YES;
				CLANG_WARN_EMPTY_BODY = YES;
				CLANG_WARN_ENUM_CONVERSION = YES;
				CLANG_WARN_INFINITE_RECURSION = YES;
				CLANG_WARN_INT_CONVERSION = YES;
				CLANG_WARN_NON_LITERAL_NULL_CONVERSION = YES;
				CLANG_WARN_OBJC_IMPLICIT_RETAIN_SELF = YES;
				CLANG_WARN_OBJC_LITERAL_CONVERSION = YES;
				CLANG_WARN_OBJC_ROOT_CLASS = YES_ERROR;
				CLANG_WARN_QUOTED_INCLUDE_IN_FRAMEWORK_HEADER = YES;
				CLANG_WARN_RANGE_LOOP_ANALYSIS = YES;
				CLANG_WARN_STRICT_PROTOTYPES = YES;
				CLANG_WARN_SUSPICIOUS_MOVE = YES;
				CLANG_WARN_UNGUARDED_AVAILABILITY = YES_AGGRESSIVE;
				CLANG_WARN_UNREACHABLE_CODE = YES;
				CLANG_WARN__DUPLICATE_METHOD_MATCH = YES;
				COPY_PHASE_STRIP = NO;
				DEBUG_INFORMATION_FORMAT = "dwarf-with-dsym";
				ENABLE_NS_ASSERTIONS = NO;
				ENABLE_STRICT_OBJC_MSGSEND = YES;
				GCC_C_LANGUAGE_STANDARD = gnu11;
				GCC_NO_COMMON_BLOCKS = YES;
				GCC_WARN_64_TO_32_BIT_CONVERSION = YES;
				GCC_WARN_ABOUT_RETURN_TYPE = YES_ERROR;
				GCC_WARN_UNDECLARED_SELECTOR = YES;
				GCC_WARN_UNINITIALIZED_AUTOS = YES_AGGRESSIVE;
				GCC_WARN_UNUSED_FUNCTION = YES;
				GCC_WARN_UNUSED_VARIABLE = YES;
				IPHONEOS_DEPLOYMENT_TARGET = 14.0;
				MTL_ENABLE_DEBUG_INFO = NO;
				MTL_FAST_MATH = YES;
				SDKROOT = iphoneos;
				SWIFT_COMPILATION_MODE = wholemodule;
				SWIFT_OPTIMIZATION_LEVEL = "-O";
				VALIDATE_PRODUCT = YES;
			};
			name = Release;
		};
		AF797ECD251ACB29005C9EDB /* Debug */ = {
			isa = XCBuildConfiguration;
			buildSettings = {
				ASSETCATALOG_COMPILER_APPICON_NAME = AppIcon;
				ASSETCATALOG_COMPILER_GLOBAL_ACCENT_COLOR_NAME = AccentColor;
				CODE_SIGN_STYLE = Automatic;
				DEVELOPMENT_ASSET_PATHS = "\"Hiking/Preview Content\"";
				DEVELOPMENT_TEAM = PTDDPSLG9G;
				ENABLE_PREVIEWS = YES;
				INFOPLIST_FILE = Hiking/Info.plist;
				IPHONEOS_DEPLOYMENT_TARGET = 14.0;
				LD_RUNPATH_SEARCH_PATHS = (
					"$(inherited)",
					"@executable_path/Frameworks",
				);
				PRODUCT_BUNDLE_IDENTIFIER = com.vngrs.Hiking;
				PRODUCT_NAME = "$(TARGET_NAME)";
				SWIFT_VERSION = 5.0;
				TARGETED_DEVICE_FAMILY = "1,2";
			};
			name = Debug;
		};
		AF797ECE251ACB29005C9EDB /* Release */ = {
			isa = XCBuildConfiguration;
			buildSettings = {
				ASSETCATALOG_COMPILER_APPICON_NAME = AppIcon;
				ASSETCATALOG_COMPILER_GLOBAL_ACCENT_COLOR_NAME = AccentColor;
				CODE_SIGN_STYLE = Automatic;
				DEVELOPMENT_ASSET_PATHS = "\"Hiking/Preview Content\"";
				DEVELOPMENT_TEAM = PTDDPSLG9G;
				ENABLE_PREVIEWS = YES;
				INFOPLIST_FILE = Hiking/Info.plist;
				IPHONEOS_DEPLOYMENT_TARGET = 14.0;
				LD_RUNPATH_SEARCH_PATHS = (
					"$(inherited)",
					"@executable_path/Frameworks",
				);
				PRODUCT_BUNDLE_IDENTIFIER = com.vngrs.Hiking;
				PRODUCT_NAME = "$(TARGET_NAME)";
				SWIFT_VERSION = 5.0;
				TARGETED_DEVICE_FAMILY = "1,2";
			};
			name = Release;
		};
/* End XCBuildConfiguration section */

/* Begin XCConfigurationList section */
		AF797EB8251ACB24005C9EDB /* Build configuration list for PBXProject "Hiking" */ = {
			isa = XCConfigurationList;
			buildConfigurations = (
				AF797ECA251ACB29005C9EDB /* Debug */,
				AF797ECB251ACB29005C9EDB /* Release */,
			);
			defaultConfigurationIsVisible = 0;
			defaultConfigurationName = Release;
		};
		AF797ECC251ACB29005C9EDB /* Build configuration list for PBXNativeTarget "Hiking" */ = {
			isa = XCConfigurationList;
			buildConfigurations = (
				AF797ECD251ACB29005C9EDB /* Debug */,
				AF797ECE251ACB29005C9EDB /* Release */,
			);
			defaultConfigurationIsVisible = 0;
			defaultConfigurationName = Release;
		};
/* End XCConfigurationList section */
	};
	rootObject = AF797EB5251ACB24005C9EDB /* Project object */;
}
